// !$*UTF8*$!
{
	archiveVersion = 1;
	classes = {
	};
	objectVersion = 52;
	objects = {

/* Begin PBXBuildFile section */
		D919B107263B9D320047898D /* WeatherView.swift in Sources */ = {isa = PBXBuildFile; fileRef = D919B106263B9D320047898D /* WeatherView.swift */; };
		D9982535263B730F00E373B8 /* AppDelegate.swift in Sources */ = {isa = PBXBuildFile; fileRef = D9982534263B730F00E373B8 /* AppDelegate.swift */; };
		D9982537263B730F00E373B8 /* SceneDelegate.swift in Sources */ = {isa = PBXBuildFile; fileRef = D9982536263B730F00E373B8 /* SceneDelegate.swift */; };
		D9982539263B730F00E373B8 /* WeatherViewController.swift in Sources */ = {isa = PBXBuildFile; fileRef = D9982538263B730F00E373B8 /* WeatherViewController.swift */; };
		D998253E263B731000E373B8 /* Assets.xcassets in Resources */ = {isa = PBXBuildFile; fileRef = D998253D263B731000E373B8 /* Assets.xcassets */; };
		D9982541263B731000E373B8 /* LaunchScreen.storyboard in Resources */ = {isa = PBXBuildFile; fileRef = D998253F263B731000E373B8 /* LaunchScreen.storyboard */; };
		D9BF7DD22644D75C00B62D63 /* YumemiWeather in Frameworks */ = {isa = PBXBuildFile; productRef = D9BF7DD12644D75C00B62D63 /* YumemiWeather */; };
		D9BF7DE32644E0BB00B62D63 /* WeatherModel.swift in Sources */ = {isa = PBXBuildFile; fileRef = D9BF7DE22644E0BB00B62D63 /* WeatherModel.swift */; };
		D9BF7DE62644E23000B62D63 /* WeatherDelegate.swift in Sources */ = {isa = PBXBuildFile; fileRef = D9BF7DE52644E23000B62D63 /* WeatherDelegate.swift */; };
/* End PBXBuildFile section */

/* Begin PBXFileReference section */
		D919B106263B9D320047898D /* WeatherView.swift */ = {isa = PBXFileReference; lastKnownFileType = sourcecode.swift; path = WeatherView.swift; sourceTree = "<group>"; };
		D9982531263B730F00E373B8 /* Yumemi-ios-training.app */ = {isa = PBXFileReference; explicitFileType = wrapper.application; includeInIndex = 0; path = "Yumemi-ios-training.app"; sourceTree = BUILT_PRODUCTS_DIR; };
		D9982534263B730F00E373B8 /* AppDelegate.swift */ = {isa = PBXFileReference; lastKnownFileType = sourcecode.swift; path = AppDelegate.swift; sourceTree = "<group>"; };
		D9982536263B730F00E373B8 /* SceneDelegate.swift */ = {isa = PBXFileReference; lastKnownFileType = sourcecode.swift; path = SceneDelegate.swift; sourceTree = "<group>"; };
		D9982538263B730F00E373B8 /* WeatherViewController.swift */ = {isa = PBXFileReference; lastKnownFileType = sourcecode.swift; path = WeatherViewController.swift; sourceTree = "<group>"; };
		D998253D263B731000E373B8 /* Assets.xcassets */ = {isa = PBXFileReference; lastKnownFileType = folder.assetcatalog; path = Assets.xcassets; sourceTree = "<group>"; };
		D9982540263B731000E373B8 /* Base */ = {isa = PBXFileReference; lastKnownFileType = file.storyboard; name = Base; path = Base.lproj/LaunchScreen.storyboard; sourceTree = "<group>"; };
		D9982542263B731000E373B8 /* Info.plist */ = {isa = PBXFileReference; lastKnownFileType = text.plist.xml; path = Info.plist; sourceTree = "<group>"; };
		D9BF7DE22644E0BB00B62D63 /* WeatherModel.swift */ = {isa = PBXFileReference; lastKnownFileType = sourcecode.swift; path = WeatherModel.swift; sourceTree = "<group>"; };
		D9BF7DE52644E23000B62D63 /* WeatherDelegate.swift */ = {isa = PBXFileReference; lastKnownFileType = sourcecode.swift; path = WeatherDelegate.swift; sourceTree = "<group>"; };
/* End PBXFileReference section */

/* Begin PBXFrameworksBuildPhase section */
		D998252E263B730F00E373B8 /* Frameworks */ = {
			isa = PBXFrameworksBuildPhase;
			buildActionMask = 2147483647;
			files = (
				D9BF7DD22644D75C00B62D63 /* YumemiWeather in Frameworks */,
			);
			runOnlyForDeploymentPostprocessing = 0;
		};
/* End PBXFrameworksBuildPhase section */

/* Begin PBXGroup section */
		D9982528263B730F00E373B8 = {
			isa = PBXGroup;
			children = (
				D9982533263B730F00E373B8 /* Yumemi-ios-training */,
				D9982532263B730F00E373B8 /* Products */,
			);
			sourceTree = "<group>";
		};
		D9982532263B730F00E373B8 /* Products */ = {
			isa = PBXGroup;
			children = (
				D9982531263B730F00E373B8 /* Yumemi-ios-training.app */,
			);
			name = Products;
			sourceTree = "<group>";
		};
		D9982533263B730F00E373B8 /* Yumemi-ios-training */ = {
			isa = PBXGroup;
			children = (
				D9982534263B730F00E373B8 /* AppDelegate.swift */,
				D9982536263B730F00E373B8 /* SceneDelegate.swift */,
				D9982538263B730F00E373B8 /* WeatherViewController.swift */,
				D919B106263B9D320047898D /* WeatherView.swift */,
				D9BF7DE22644E0BB00B62D63 /* WeatherModel.swift */,
				D9BF7DE52644E23000B62D63 /* WeatherDelegate.swift */,
				D998253D263B731000E373B8 /* Assets.xcassets */,
				D998253F263B731000E373B8 /* LaunchScreen.storyboard */,
				D9982542263B731000E373B8 /* Info.plist */,
			);
			path = "Yumemi-ios-training";
			sourceTree = "<group>";
		};
/* End PBXGroup section */

/* Begin PBXNativeTarget section */
		D9982530263B730F00E373B8 /* Yumemi-ios-training */ = {
			isa = PBXNativeTarget;
			buildConfigurationList = D9982545263B731000E373B8 /* Build configuration list for PBXNativeTarget "Yumemi-ios-training" */;
			buildPhases = (
				D998252D263B730F00E373B8 /* Sources */,
				D998252E263B730F00E373B8 /* Frameworks */,
				D998252F263B730F00E373B8 /* Resources */,
			);
			buildRules = (
			);
			dependencies = (
			);
			name = "Yumemi-ios-training";
			packageProductDependencies = (
				D9BF7DD12644D75C00B62D63 /* YumemiWeather */,
			);
			productName = "Yumemi-ios-training";
			productReference = D9982531263B730F00E373B8 /* Yumemi-ios-training.app */;
			productType = "com.apple.product-type.application";
		};
/* End PBXNativeTarget section */

/* Begin PBXProject section */
		D9982529263B730F00E373B8 /* Project object */ = {
			isa = PBXProject;
			attributes = {
				LastSwiftUpdateCheck = 1240;
				LastUpgradeCheck = 1240;
				TargetAttributes = {
					D9982530263B730F00E373B8 = {
						CreatedOnToolsVersion = 12.4;
					};
				};
			};
			buildConfigurationList = D998252C263B730F00E373B8 /* Build configuration list for PBXProject "Yumemi-ios-training" */;
			compatibilityVersion = "Xcode 9.3";
			developmentRegion = en;
			hasScannedForEncodings = 0;
			knownRegions = (
				en,
				Base,
			);
			mainGroup = D9982528263B730F00E373B8;
			packageReferences = (
				D9BF7DD02644D75C00B62D63 /* XCRemoteSwiftPackageReference "ios-training" */,
			);
			productRefGroup = D9982532263B730F00E373B8 /* Products */;
			projectDirPath = "";
			projectRoot = "";
			targets = (
				D9982530263B730F00E373B8 /* Yumemi-ios-training */,
			);
		};
/* End PBXProject section */

/* Begin PBXResourcesBuildPhase section */
		D998252F263B730F00E373B8 /* Resources */ = {
			isa = PBXResourcesBuildPhase;
			buildActionMask = 2147483647;
			files = (
				D9982541263B731000E373B8 /* LaunchScreen.storyboard in Resources */,
				D998253E263B731000E373B8 /* Assets.xcassets in Resources */,
			);
			runOnlyForDeploymentPostprocessing = 0;
		};
/* End PBXResourcesBuildPhase section */

/* Begin PBXSourcesBuildPhase section */
		D998252D263B730F00E373B8 /* Sources */ = {
			isa = PBXSourcesBuildPhase;
			buildActionMask = 2147483647;
			files = (
				D9982539263B730F00E373B8 /* WeatherViewController.swift in Sources */,
				D9982535263B730F00E373B8 /* AppDelegate.swift in Sources */,
				D9982537263B730F00E373B8 /* SceneDelegate.swift in Sources */,
				D919B107263B9D320047898D /* WeatherView.swift in Sources */,
				D9BF7DE32644E0BB00B62D63 /* WeatherModel.swift in Sources */,
				D9BF7DE62644E23000B62D63 /* WeatherDelegate.swift in Sources */,
			);
			runOnlyForDeploymentPostprocessing = 0;
		};
/* End PBXSourcesBuildPhase section */

/* Begin PBXVariantGroup section */
		D998253F263B731000E373B8 /* LaunchScreen.storyboard */ = {
			isa = PBXVariantGroup;
			children = (
				D9982540263B731000E373B8 /* Base */,
			);
			name = LaunchScreen.storyboard;
			sourceTree = "<group>";
		};
/* End PBXVariantGroup section */

/* Begin XCBuildConfiguration section */
		D9982543263B731000E373B8 /* Debug */ = {
			isa = XCBuildConfiguration;
			buildSettings = {
				ALWAYS_SEARCH_USER_PATHS = NO;
				CLANG_ANALYZER_NONNULL = YES;
				CLANG_ANALYZER_NUMBER_OBJECT_CONVERSION = YES_AGGRESSIVE;
				CLANG_CXX_LANGUAGE_STANDARD = "gnu++14";
				CLANG_CXX_LIBRARY = "libc++";
				CLANG_ENABLE_MODULES = YES;
				CLANG_ENABLE_OBJC_ARC = YES;
				CLANG_ENABLE_OBJC_WEAK = YES;
				CLANG_WARN_BLOCK_CAPTURE_AUTORELEASING = YES;
				CLANG_WARN_BOOL_CONVERSION = YES;
				CLANG_WARN_COMMA = YES;
				CLANG_WARN_CONSTANT_CONVERSION = YES;
				CLANG_WARN_DEPRECATED_OBJC_IMPLEMENTATIONS = YES;
				CLANG_WARN_DIRECT_OBJC_ISA_USAGE = YES_ERROR;
				CLANG_WARN_DOCUMENTATION_COMMENTS = YES;
				CLANG_WARN_EMPTY_BODY = YES;
				CLANG_WARN_ENUM_CONVERSION = YES;
				CLANG_WARN_INFINITE_RECURSION = YES;
				CLANG_WARN_INT_CONVERSION = YES;
				CLANG_WARN_NON_LITERAL_NULL_CONVERSION = YES;
				CLANG_WARN_OBJC_IMPLICIT_RETAIN_SELF = YES;
				CLANG_WARN_OBJC_LITERAL_CONVERSION = YES;
				CLANG_WARN_OBJC_ROOT_CLASS = YES_ERROR;
				CLANG_WARN_QUOTED_INCLUDE_IN_FRAMEWORK_HEADER = YES;
				CLANG_WARN_RANGE_LOOP_ANALYSIS = YES;
				CLANG_WARN_STRICT_PROTOTYPES = YES;
				CLANG_WARN_SUSPICIOUS_MOVE = YES;
				CLANG_WARN_UNGUARDED_AVAILABILITY = YES_AGGRESSIVE;
				CLANG_WARN_UNREACHABLE_CODE = YES;
				CLANG_WARN__DUPLICATE_METHOD_MATCH = YES;
				COPY_PHASE_STRIP = NO;
				DEBUG_INFORMATION_FORMAT = dwarf;
				ENABLE_STRICT_OBJC_MSGSEND = YES;
				ENABLE_TESTABILITY = YES;
				GCC_C_LANGUAGE_STANDARD = gnu11;
				GCC_DYNAMIC_NO_PIC = NO;
				GCC_NO_COMMON_BLOCKS = YES;
				GCC_OPTIMIZATION_LEVEL = 0;
				GCC_PREPROCESSOR_DEFINITIONS = (
					"DEBUG=1",
					"$(inherited)",
				);
				GCC_WARN_64_TO_32_BIT_CONVERSION = YES;
				GCC_WARN_ABOUT_RETURN_TYPE = YES_ERROR;
				GCC_WARN_UNDECLARED_SELECTOR = YES;
				GCC_WARN_UNINITIALIZED_AUTOS = YES_AGGRESSIVE;
				GCC_WARN_UNUSED_FUNCTION = YES;
				GCC_WARN_UNUSED_VARIABLE = YES;
				IPHONEOS_DEPLOYMENT_TARGET = 14.4;
				MTL_ENABLE_DEBUG_INFO = INCLUDE_SOURCE;
				MTL_FAST_MATH = YES;
				ONLY_ACTIVE_ARCH = YES;
				SDKROOT = iphoneos;
				SWIFT_ACTIVE_COMPILATION_CONDITIONS = DEBUG;
				SWIFT_OPTIMIZATION_LEVEL = "-Onone";
			};
			name = Debug;
		};
		D9982544263B731000E373B8 /* Release */ = {
			isa = XCBuildConfiguration;
			buildSettings = {
				ALWAYS_SEARCH_USER_PATHS = NO;
				CLANG_ANALYZER_NONNULL = YES;
				CLANG_ANALYZER_NUMBER_OBJECT_CONVERSION = YES_AGGRESSIVE;
				CLANG_CXX_LANGUAGE_STANDARD = "gnu++14";
				CLANG_CXX_LIBRARY = "libc++";
				CLANG_ENABLE_MODULES = YES;
				CLANG_ENABLE_OBJC_ARC = YES;
				CLANG_ENABLE_OBJC_WEAK = YES;
				CLANG_WARN_BLOCK_CAPTURE_AUTORELEASING = YES;
				CLANG_WARN_BOOL_CONVERSION = YES;
				CLANG_WARN_COMMA = YES;
				CLANG_WARN_CONSTANT_CONVERSION = YES;
				CLANG_WARN_DEPRECATED_OBJC_IMPLEMENTATIONS = YES;
				CLANG_WARN_DIRECT_OBJC_ISA_USAGE = YES_ERROR;
				CLANG_WARN_DOCUMENTATION_COMMENTS = YES;
				CLANG_WARN_EMPTY_BODY = YES;
				CLANG_WARN_ENUM_CONVERSION = YES;
				CLANG_WARN_INFINITE_RECURSION = YES;
				CLANG_WARN_INT_CONVERSION = YES;
				CLANG_WARN_NON_LITERAL_NULL_CONVERSION = YES;
				CLANG_WARN_OBJC_IMPLICIT_RETAIN_SELF = YES;
				CLANG_WARN_OBJC_LITERAL_CONVERSION = YES;
				CLANG_WARN_OBJC_ROOT_CLASS = YES_ERROR;
				CLANG_WARN_QUOTED_INCLUDE_IN_FRAMEWORK_HEADER = YES;
				CLANG_WARN_RANGE_LOOP_ANALYSIS = YES;
				CLANG_WARN_STRICT_PROTOTYPES = YES;
				CLANG_WARN_SUSPICIOUS_MOVE = YES;
				CLANG_WARN_UNGUARDED_AVAILABILITY = YES_AGGRESSIVE;
				CLANG_WARN_UNREACHABLE_CODE = YES;
				CLANG_WARN__DUPLICATE_METHOD_MATCH = YES;
				COPY_PHASE_STRIP = NO;
				DEBUG_INFORMATION_FORMAT = "dwarf-with-dsym";
				ENABLE_NS_ASSERTIONS = NO;
				ENABLE_STRICT_OBJC_MSGSEND = YES;
				GCC_C_LANGUAGE_STANDARD = gnu11;
				GCC_NO_COMMON_BLOCKS = YES;
				GCC_WARN_64_TO_32_BIT_CONVERSION = YES;
				GCC_WARN_ABOUT_RETURN_TYPE = YES_ERROR;
				GCC_WARN_UNDECLARED_SELECTOR = YES;
				GCC_WARN_UNINITIALIZED_AUTOS = YES_AGGRESSIVE;
				GCC_WARN_UNUSED_FUNCTION = YES;
				GCC_WARN_UNUSED_VARIABLE = YES;
				IPHONEOS_DEPLOYMENT_TARGET = 14.4;
				MTL_ENABLE_DEBUG_INFO = NO;
				MTL_FAST_MATH = YES;
				SDKROOT = iphoneos;
				SWIFT_COMPILATION_MODE = wholemodule;
				SWIFT_OPTIMIZATION_LEVEL = "-O";
				VALIDATE_PRODUCT = YES;
			};
			name = Release;
		};
		D9982546263B731000E373B8 /* Debug */ = {
			isa = XCBuildConfiguration;
			buildSettings = {
				ASSETCATALOG_COMPILER_APPICON_NAME = AppIcon;
				ASSETCATALOG_COMPILER_GLOBAL_ACCENT_COLOR_NAME = AccentColor;
				CODE_SIGN_STYLE = Automatic;
				DEVELOPMENT_TEAM = B75CP82UAG;
				INFOPLIST_FILE = "Yumemi-ios-training/Info.plist";
				LD_RUNPATH_SEARCH_PATHS = (
					"$(inherited)",
					"@executable_path/Frameworks",
				);
				PRODUCT_BUNDLE_IDENTIFIER = "a-otsuka.Yumemi-ios-training";
				PRODUCT_NAME = "$(TARGET_NAME)";
				SWIFT_VERSION = 5.0;
				TARGETED_DEVICE_FAMILY = 1;
			};
			name = Debug;
		};
		D9982547263B731000E373B8 /* Release */ = {
			isa = XCBuildConfiguration;
			buildSettings = {
				ASSETCATALOG_COMPILER_APPICON_NAME = AppIcon;
				ASSETCATALOG_COMPILER_GLOBAL_ACCENT_COLOR_NAME = AccentColor;
				CODE_SIGN_STYLE = Automatic;
				DEVELOPMENT_TEAM = B75CP82UAG;
				INFOPLIST_FILE = "Yumemi-ios-training/Info.plist";
				LD_RUNPATH_SEARCH_PATHS = (
					"$(inherited)",
					"@executable_path/Frameworks",
				);
				PRODUCT_BUNDLE_IDENTIFIER = "a-otsuka.Yumemi-ios-training";
				PRODUCT_NAME = "$(TARGET_NAME)";
				SWIFT_VERSION = 5.0;
				TARGETED_DEVICE_FAMILY = 1;
			};
			name = Release;
		};
/* End XCBuildConfiguration section */

/* Begin XCConfigurationList section */
		D998252C263B730F00E373B8 /* Build configuration list for PBXProject "Yumemi-ios-training" */ = {
			isa = XCConfigurationList;
			buildConfigurations = (
				D9982543263B731000E373B8 /* Debug */,
				D9982544263B731000E373B8 /* Release */,
			);
			defaultConfigurationIsVisible = 0;
			defaultConfigurationName = Release;
		};
		D9982545263B731000E373B8 /* Build configuration list for PBXNativeTarget "Yumemi-ios-training" */ = {
			isa = XCConfigurationList;
			buildConfigurations = (
				D9982546263B731000E373B8 /* Debug */,
				D9982547263B731000E373B8 /* Release */,
			);
			defaultConfigurationIsVisible = 0;
			defaultConfigurationName = Release;
		};
/* End XCConfigurationList section */

/* Begin XCRemoteSwiftPackageReference section */
		D9BF7DD02644D75C00B62D63 /* XCRemoteSwiftPackageReference "ios-training" */ = {
			isa = XCRemoteSwiftPackageReference;
			repositoryURL = "https://github.com/yumemi-inc/ios-training.git";
			requirement = {
				kind = upToNextMajorVersion;
				minimumVersion = 1.0.4;
			};
		};
/* End XCRemoteSwiftPackageReference section */

/* Begin XCSwiftPackageProductDependency section */
		D9BF7DD12644D75C00B62D63 /* YumemiWeather */ = {
			isa = XCSwiftPackageProductDependency;
			package = D9BF7DD02644D75C00B62D63 /* XCRemoteSwiftPackageReference "ios-training" */;
			productName = YumemiWeather;
		};
/* End XCSwiftPackageProductDependency section */
	};
	rootObject = D9982529263B730F00E373B8 /* Project object */;
}
